
Microsoft Visual Studio Solution File, Format Version 12.00
# Visual Studio Version 17
VisualStudioVersion = 17.8.34330.188
MinimumVisualStudioVersion = 10.0.40219.1
Project("{9A19103F-16F7-4668-BE54-9A1E7A4F7556}") = "Polymorphism", "Polymorphism\Polymorphism.csproj", "{18A2ADF7-1BF7-4F01-A209-A369EC02154A}"
EndProject
Project("{9A19103F-16F7-4668-BE54-9A1E7A4F7556}") = "Encapsulation", "Encapsulation\Encapsulation.csproj", "{A9AA697E-9AA9-47ED-9413-56B03EBD2119}"
EndProject
Project("{FAE04EC0-301F-11D3-BF4B-00C04F79EFBC}") = "Abstraction", "Abstraction\Abstraction.csproj", "{B63E4397-8AE6-4131-9938-322A90EC1311}"
EndProject
Global
	GlobalSection(SolutionConfigurationPlatforms) = preSolution
		Debug|Any CPU = Debug|Any CPU
		Release|Any CPU = Release|Any CPU
	EndGlobalSection
	GlobalSection(ProjectConfigurationPlatforms) = postSolution
		{18A2ADF7-1BF7-4F01-A209-A369EC02154A}.Debug|Any CPU.ActiveCfg = Debug|Any CPU
		{18A2ADF7-1BF7-4F01-A209-A369EC02154A}.Debug|Any CPU.Build.0 = Debug|Any CPU
		{18A2ADF7-1BF7-4F01-A209-A369EC02154A}.Release|Any CPU.ActiveCfg = Release|Any CPU
		{18A2ADF7-1BF7-4F01-A209-A369EC02154A}.Release|Any CPU.Build.0 = Release|Any CPU
		{A9AA697E-9AA9-47ED-9413-56B03EBD2119}.Debug|Any CPU.ActiveCfg = Debug|Any CPU
		{A9AA697E-9AA9-47ED-9413-56B03EBD2119}.Debug|Any CPU.Build.0 = Debug|Any CPU
		{A9AA697E-9AA9-47ED-9413-56B03EBD2119}.Release|Any CPU.ActiveCfg = Release|Any CPU
		{A9AA697E-9AA9-47ED-9413-56B03EBD2119}.Release|Any CPU.Build.0 = Release|Any CPU
		{B63E4397-8AE6-4131-9938-322A90EC1311}.Debug|Any CPU.ActiveCfg = Debug|Any CPU
		{B63E4397-8AE6-4131-9938-322A90EC1311}.Debug|Any CPU.Build.0 = Debug|Any CPU
		{B63E4397-8AE6-4131-9938-322A90EC1311}.Release|Any CPU.ActiveCfg = Release|Any CPU
		{B63E4397-8AE6-4131-9938-322A90EC1311}.Release|Any CPU.Build.0 = Release|Any CPU
	EndGlobalSection
	GlobalSection(SolutionProperties) = preSolution
		HideSolutionNode = FALSE
	EndGlobalSection
	GlobalSection(ExtensibilityGlobals) = postSolution
		SolutionGuid = {4E700315-788C-4ABA-B222-123A7493C1A6}
	EndGlobalSection
EndGlobal
